lockfileVersion: '9.0'

settings:
  autoInstallPeers: true
  excludeLinksFromLockfile: false

importers:

  .:
    dependencies:
      pnpm:
        specifier: ^10.13.1
        version: 10.13.1
      uuidv7:
        specifier: 1.1.0
        version: 1.1.0
    devDependencies:
      '@types/node':
        specifier: ^20.17.17
        version: 20.19.25
      ai:
        specifier: ^5.0.0
        version: 5.0.96(zod@4.1.12)
      typescript:
        specifier: ^5.3.0
        version: 5.9.3

packages:

  '@ai-sdk/gateway@2.0.11':
    resolution: {integrity: sha512-B0Vt2Xv88Lo9rg861Oyzq/SdTmT4LiqdjkpOxpSPpNk8Ih5TXTgyDAsV/qW14N6asPdK1YI5PosFLnVzfK5LrA==}
    engines: {node: '>=18'}
    peerDependencies:
      zod: ^3.25.76 || ^4.1.8

  '@ai-sdk/provider-utils@3.0.17':
    resolution: {integrity: sha512-TR3Gs4I3Tym4Ll+EPdzRdvo/rc8Js6c4nVhFLuvGLX/Y4V9ZcQMa/HTiYsHEgmYrf1zVi6Q145UEZUfleOwOjw==}
    engines: {node: '>=18'}
    peerDependencies:
      zod: ^3.25.76 || ^4.1.8

  '@ai-sdk/provider@2.0.0':
    resolution: {integrity: sha512-6o7Y2SeO9vFKB8lArHXehNuusnpddKPk7xqL7T2/b+OvXMRIXUO1rR4wcv1hAFUAT9avGZshty3Wlua/XA7TvA==}
    engines: {node: '>=18'}

  '@opentelemetry/api@1.9.0':
    resolution: {integrity: sha512-3giAOQvZiH5F9bMlMiv8+GSPMeqg0dbaeo58/0SlA9sxSqZhnUtxzX9/2FzyhS9sWQf5S0GJE0AKBrFqjpeYcg==}
    engines: {node: '>=8.0.0'}

  '@standard-schema/spec@1.0.0':
    resolution: {integrity: sha512-m2bOd0f2RT9k8QJx1JN85cZYyH1RqFBdlwtkSlf4tBDYLCiiZnv1fIIwacK6cqwXavOydf0NPToMQgpKq+dVlA==}

  '@types/node@20.19.25':
    resolution: {integrity: sha512-ZsJzA5thDQMSQO788d7IocwwQbI8B5OPzmqNvpf3NY/+MHDAS759Wo0gd2WQeXYt5AAAQjzcrTVC6SKCuYgoCQ==}

  '@vercel/oidc@3.0.3':
    resolution: {integrity: sha512-yNEQvPcVrK9sIe637+I0jD6leluPxzwJKx/Haw6F4H77CdDsszUn5V3o96LPziXkSNE2B83+Z3mjqGKBK/R6Gg==}
    engines: {node: '>= 20'}

  ai@5.0.96:
    resolution: {integrity: sha512-eSf9V0fKpPglCGb7gib7HoWmgpUbdlm6FAgfvY/lMNfIxKx8WWAfX0RenVqTODVq3OISKcxSs2Gsh+XzgYNm5g==}
    engines: {node: '>=18'}
    peerDependencies:
      zod: ^3.25.76 || ^4.1.8

  eventsource-parser@3.0.6:
    resolution: {integrity: sha512-Vo1ab+QXPzZ4tCa8SwIHJFaSzy4R6SHf7BY79rFBDf0idraZWAkYrDjDj8uWaSm3S2TK+hJ7/t1CEmZ7jXw+pg==}
    engines: {node: '>=18.0.0'}

  json-schema@0.4.0:
    resolution: {integrity: sha512-es94M3nTIfsEPisRafak+HDLfHXnKBhV3vU5eqPcS3flIWqcxJWgXHXiey3YrpaNsanY5ei1VoYEbOzijuq9BA==}

  pnpm@10.13.1:
    resolution: {integrity: sha512-N+vxpcejDV+r4MXfRO6NpMllygxa89urKMOhaBtwolYhjQXIHJwNz3Z+9rhVHrW5YAQrntQwDFkkIzY3fgHPrQ==}
    engines: {node: '>=18.12'}
    hasBin: true

  typescript@5.9.3:
    resolution: {integrity: sha512-jl1vZzPDinLr9eUt3J/t7V6FgNEw9QjvBPdysz9KfQDD41fQrC2Y4vKQdiaUpFT4bXlb1RHhLpp8wtm6M5TgSw==}
    engines: {node: '>=14.17'}
    hasBin: true

  undici-types@6.21.0:
    resolution: {integrity: sha512-iwDZqg0QAGrg9Rav5H4n0M64c3mkR59cJ6wQp+7C4nI0gsmExaedaYLNO44eT4AtBBwjbTiGPMlt2Md0T9H9JQ==}

  uuidv7@1.1.0:
    resolution: {integrity: sha512-2VNnOC0+XQlwogChUDzy6pe8GQEys9QFZBGOh54l6qVfwoCUwwRvk7rDTgaIsRgsF5GFa5oiNg8LqXE3jofBBg==}
    hasBin: true

  zod@4.1.12:
    resolution: {integrity: sha512-JInaHOamG8pt5+Ey8kGmdcAcg3OL9reK8ltczgHTAwNhMys/6ThXHityHxVV2p3fkw/c+MAvBHFVYHFZDmjMCQ==}

snapshots:

  '@ai-sdk/gateway@2.0.11(zod@4.1.12)':
    dependencies:
      '@ai-sdk/provider': 2.0.0
      '@ai-sdk/provider-utils': 3.0.17(zod@4.1.12)
      '@vercel/oidc': 3.0.3
      zod: 4.1.12

  '@ai-sdk/provider-utils@3.0.17(zod@4.1.12)':
    dependencies:
      '@ai-sdk/provider': 2.0.0
      '@standard-schema/spec': 1.0.0
      eventsource-parser: 3.0.6
      zod: 4.1.12

  '@ai-sdk/provider@2.0.0':
    dependencies:
      json-schema: 0.4.0

  '@opentelemetry/api@1.9.0': {}

  '@standard-schema/spec@1.0.0': {}

  '@types/node@20.19.25':
    dependencies:
      undici-types: 6.21.0

  '@vercel/oidc@3.0.3': {}

  ai@5.0.96(zod@4.1.12):
    dependencies:
      '@ai-sdk/gateway': 2.0.11(zod@4.1.12)
      '@ai-sdk/provider': 2.0.0
      '@ai-sdk/provider-utils': 3.0.17(zod@4.1.12)
      '@opentelemetry/api': 1.9.0
      zod: 4.1.12

  eventsource-parser@3.0.6: {}

  json-schema@0.4.0: {}

  pnpm@10.13.1: {}

  typescript@5.9.3: {}

  undici-types@6.21.0: {}

  uuidv7@1.1.0: {}

  zod@4.1.12: {}
